PODS:
  - Base58Swift (2.1.7):
    - BigInt (~> 3.1)
  - BigInt (3.1.0):
    - SipHash (~> 1.2)
  - Blake2 (0.1.2)
  - CommonSwift (1.0.0):
    - BigInt
  - CryptoSwift (1.6.0)
  - ed25519swift (1.2.8):
    - CryptoSwift
  - EncryptingSwift (1.0.0):
    - CommonSwift
    - ed25519swift
    - secp256k1.swift
    - Sr25519
  - HashingSwift (1.0.0):
    - Base58Swift
    - Blake2
    - CommonSwift
    - xxHash-Swift
  - ScaleCodecSwift (1.0.0):
    - BigInt (~> 3.1)
    - CommonSwift
  - secp256k1.swift (0.1.4)
  - SipHash (1.2.2)
  - Sr25519 (0.1.3):
    - Sr25519/Sr25519 (= 0.1.3)
  - Sr25519/CSr25519 (0.1.3):
    - UncommonCrypto (~> 0.1.0)
  - Sr25519/Helpers (0.1.3):
    - Sr25519/CSr25519
  - Sr25519/Sr25519 (0.1.3):
    - Sr25519/CSr25519
    - Sr25519/Helpers
  - SubstrateClientSwift (1.0.0):
    - BigInt
    - CommonSwift
    - EncryptingSwift
    - HashingSwift
    - ScaleCodecSwift
  - UncommonCrypto (0.1.3)
  - xxHash-Swift (1.1.1)

DEPENDENCIES:
  - CommonSwift (from `https://github.com/sublabdev/common-swift.git`, commit `ea8aa91b748a28241f77edced1a4b53b4a21b54f`)
  - EncryptingSwift (from `https://github.com/sublabdev/encrypting-swift.git`, commit `8de35216011a8abc8b945c7268b295285be02ac3`)
  - HashingSwift (from `https://github.com/sublabdev/hashing-swift.git`, commit `53a32a19c822b5c89ccec81ed440df1ea5e339fa`)
  - ScaleCodecSwift (from `https://github.com/sublabdev/scale-codec-swift`, commit `5aa1053695db6c743e65a6148a4cdc1074f2c661`)
  - SubstrateClientSwift (from `../`)

SPEC REPOS:
  trunk:
    - Base58Swift
    - BigInt
    - Blake2
    - CryptoSwift
    - ed25519swift
    - secp256k1.swift
    - SipHash
    - Sr25519
    - UncommonCrypto
    - xxHash-Swift

EXTERNAL SOURCES:
  CommonSwift:
    :commit: ea8aa91b748a28241f77edced1a4b53b4a21b54f
    :git: https://github.com/sublabdev/common-swift.git
  EncryptingSwift:
    :commit: 8de35216011a8abc8b945c7268b295285be02ac3
    :git: https://github.com/sublabdev/encrypting-swift.git
  HashingSwift:
    :commit: 53a32a19c822b5c89ccec81ed440df1ea5e339fa
    :git: https://github.com/sublabdev/hashing-swift.git
  ScaleCodecSwift:
    :commit: 5aa1053695db6c743e65a6148a4cdc1074f2c661
    :git: https://github.com/sublabdev/scale-codec-swift
  SubstrateClientSwift:
    :path: "../"

CHECKOUT OPTIONS:
  CommonSwift:
    :commit: ea8aa91b748a28241f77edced1a4b53b4a21b54f
    :git: https://github.com/sublabdev/common-swift.git
  EncryptingSwift:
    :commit: 8de35216011a8abc8b945c7268b295285be02ac3
    :git: https://github.com/sublabdev/encrypting-swift.git
  HashingSwift:
    :commit: 53a32a19c822b5c89ccec81ed440df1ea5e339fa
    :git: https://github.com/sublabdev/hashing-swift.git
  ScaleCodecSwift:
    :commit: 5aa1053695db6c743e65a6148a4cdc1074f2c661
    :git: https://github.com/sublabdev/scale-codec-swift

SPEC CHECKSUMS:
  Base58Swift: 149c9dd95d8712f00e4695b36baafb3031927256
  BigInt: 76b5dfdfa3e2e478d4ffdf161aeede5502e2742f
  Blake2: f33072b13349da1b8048a2bf26a3a24d4eac6dcc
  CommonSwift: 74d8b4fb289ee38027278d41d84bfac3843da660
  CryptoSwift: 562f8eceb40e80796fffc668b0cad9313284cfa6
  ed25519swift: 32845b4d73fdd3598d6334972a62f463314de730
  EncryptingSwift: e6b018e5881db18533be02196c9a1bd03d484ed8
  HashingSwift: 87f36fbeb384f72e4754f031d27f7c2a4aad2ad7
  ScaleCodecSwift: 3ab853667fe800bd2e6867490a30136fc5bc0b15
  secp256k1.swift: a7e7a214f6db6ce5db32cc6b2b45e5c4dd633634
  SipHash: fad90a4683e420c52ef28063063dbbce248ea6d4
  Sr25519: 87a974e2d714113af55e1d7e5cef1b82864a57bd
  SubstrateClientSwift: 9d3d3fa88e9700e61a01e73689fab8cc49a5eaa7
  UncommonCrypto: 8e6276bd3def28cdbd55966926c38c37ea1c9af5
  xxHash-Swift: 13ebcbfc48658a5acf3777751e64b18c0f110d25

PODFILE CHECKSUM: 8b23ecce876c953ac095651aa57feea4cc740b2a

COCOAPODS: 1.11.3
